
Microsoft Visual Studio Solution File, Format Version 12.00
# Visual Studio Version 17
VisualStudioVersion = 17.14.36408.4 d17.14
MinimumVisualStudioVersion = 10.0.40219.1
Project("{FAE04EC0-301F-11D3-BF4B-00C04F79EFBC}") = "lab3", "lab3\lab3.csproj", "{A5CC77CC-E9CC-4096-8B4F-B94E117A4947}"
EndProject
Global
	GlobalSection(SolutionConfigurationPlatforms) = preSolution
		Debug|Any CPU = Debug|Any CPU
		Release|Any CPU = Release|Any CPU
	EndGlobalSection
	GlobalSection(ProjectConfigurationPlatforms) = postSolution
		{A5CC77CC-E9CC-4096-8B4F-B94E117A4947}.Debug|Any CPU.ActiveCfg = Debug|Any CPU
		{A5CC77CC-E9CC-4096-8B4F-B94E117A4947}.Debug|Any CPU.Build.0 = Debug|Any CPU
		{A5CC77CC-E9CC-4096-8B4F-B94E117A4947}.Release|Any CPU.ActiveCfg = Release|Any CPU
		{A5CC77CC-E9CC-4096-8B4F-B94E117A4947}.Release|Any CPU.Build.0 = Release|Any CPU
	EndGlobalSection
	GlobalSection(SolutionProperties) = preSolution
		HideSolutionNode = FALSE
	EndGlobalSection
	GlobalSection(ExtensibilityGlobals) = postSolution
		SolutionGuid = {8C0EE1E1-9B32-4A4C-8B42-5EB974C88F6A}
	EndGlobalSection
EndGlobal
