
Microsoft Visual Studio Solution File, Format Version 12.00
# Visual Studio Version 17
VisualStudioVersion = 17.14.36408.4 d17.14
MinimumVisualStudioVersion = 10.0.40219.1
Project("{FAE04EC0-301F-11D3-BF4B-00C04F79EFBC}") = "lab7_1", "lab7_1\lab7_1.csproj", "{9E5282E0-7EAD-4D91-9F4E-6E98A1052F1E}"
EndProject
Global
	GlobalSection(SolutionConfigurationPlatforms) = preSolution
		Debug|Any CPU = Debug|Any CPU
		Release|Any CPU = Release|Any CPU
	EndGlobalSection
	GlobalSection(ProjectConfigurationPlatforms) = postSolution
		{9E5282E0-7EAD-4D91-9F4E-6E98A1052F1E}.Debug|Any CPU.ActiveCfg = Debug|Any CPU
		{9E5282E0-7EAD-4D91-9F4E-6E98A1052F1E}.Debug|Any CPU.Build.0 = Debug|Any CPU
		{9E5282E0-7EAD-4D91-9F4E-6E98A1052F1E}.Release|Any CPU.ActiveCfg = Release|Any CPU
		{9E5282E0-7EAD-4D91-9F4E-6E98A1052F1E}.Release|Any CPU.Build.0 = Release|Any CPU
	EndGlobalSection
	GlobalSection(SolutionProperties) = preSolution
		HideSolutionNode = FALSE
	EndGlobalSection
	GlobalSection(ExtensibilityGlobals) = postSolution
		SolutionGuid = {4F315B62-FF0A-4F11-A196-D995CC8F6C0F}
	EndGlobalSection
EndGlobal
